
Microsoft Visual Studio Solution File, Format Version 12.00
# Visual Studio Version 17
VisualStudioVersion = 17.9.34723.18
MinimumVisualStudioVersion = 10.0.40219.1
Project("{FAE04EC0-301F-11D3-BF4B-00C04F79EFBC}") = "Ejercicio_01", "Ejercicio_01\Ejercicio_01.csproj", "{27F18112-A3CD-4A58-9A7D-55EEB2B3B27B}"
EndProject
Global
	GlobalSection(SolutionConfigurationPlatforms) = preSolution
		Debug|Any CPU = Debug|Any CPU
		Release|Any CPU = Release|Any CPU
	EndGlobalSection
	GlobalSection(ProjectConfigurationPlatforms) = postSolution
		{27F18112-A3CD-4A58-9A7D-55EEB2B3B27B}.Debug|Any CPU.ActiveCfg = Debug|Any CPU
		{27F18112-A3CD-4A58-9A7D-55EEB2B3B27B}.Debug|Any CPU.Build.0 = Debug|Any CPU
		{27F18112-A3CD-4A58-9A7D-55EEB2B3B27B}.Release|Any CPU.ActiveCfg = Release|Any CPU
		{27F18112-A3CD-4A58-9A7D-55EEB2B3B27B}.Release|Any CPU.Build.0 = Release|Any CPU
	EndGlobalSection
	GlobalSection(SolutionProperties) = preSolution
		HideSolutionNode = FALSE
	EndGlobalSection
	GlobalSection(ExtensibilityGlobals) = postSolution
		SolutionGuid = {CBF33959-B714-4828-BAC2-B6F6BC2701BD}
	EndGlobalSection
EndGlobal
