
Microsoft Visual Studio Solution File, Format Version 12.00
# Visual Studio Version 17
VisualStudioVersion = 17.9.34728.123
MinimumVisualStudioVersion = 10.0.40219.1
Project("{FAE04EC0-301F-11D3-BF4B-00C04F79EFBC}") = "Ejercicio_01", "Ejercicio_01\Ejercicio_01.csproj", "{4185C4DD-E86F-4FE2-8E49-64DD8F7AFC2C}"
EndProject
Global
	GlobalSection(SolutionConfigurationPlatforms) = preSolution
		Debug|Any CPU = Debug|Any CPU
		Release|Any CPU = Release|Any CPU
	EndGlobalSection
	GlobalSection(ProjectConfigurationPlatforms) = postSolution
		{4185C4DD-E86F-4FE2-8E49-64DD8F7AFC2C}.Debug|Any CPU.ActiveCfg = Debug|Any CPU
		{4185C4DD-E86F-4FE2-8E49-64DD8F7AFC2C}.Debug|Any CPU.Build.0 = Debug|Any CPU
		{4185C4DD-E86F-4FE2-8E49-64DD8F7AFC2C}.Release|Any CPU.ActiveCfg = Release|Any CPU
		{4185C4DD-E86F-4FE2-8E49-64DD8F7AFC2C}.Release|Any CPU.Build.0 = Release|Any CPU
	EndGlobalSection
	GlobalSection(SolutionProperties) = preSolution
		HideSolutionNode = FALSE
	EndGlobalSection
	GlobalSection(ExtensibilityGlobals) = postSolution
		SolutionGuid = {E768D2AA-F537-4F9E-958C-D3DAF58F90C6}
	EndGlobalSection
EndGlobal
