
Microsoft Visual Studio Solution File, Format Version 12.00
# Visual Studio Version 17
VisualStudioVersion = 17.9.34728.123
MinimumVisualStudioVersion = 10.0.40219.1
Project("{FAE04EC0-301F-11D3-BF4B-00C04F79EFBC}") = "WindowsFormsApp2", "WindowsFormsApp2\WindowsFormsApp2.csproj", "{100AEB41-B67F-447C-BCE1-6D2518B047E3}"
EndProject
Global
	GlobalSection(SolutionConfigurationPlatforms) = preSolution
		Debug|Any CPU = Debug|Any CPU
		Release|Any CPU = Release|Any CPU
	EndGlobalSection
	GlobalSection(ProjectConfigurationPlatforms) = postSolution
		{100AEB41-B67F-447C-BCE1-6D2518B047E3}.Debug|Any CPU.ActiveCfg = Debug|Any CPU
		{100AEB41-B67F-447C-BCE1-6D2518B047E3}.Debug|Any CPU.Build.0 = Debug|Any CPU
		{100AEB41-B67F-447C-BCE1-6D2518B047E3}.Release|Any CPU.ActiveCfg = Release|Any CPU
		{100AEB41-B67F-447C-BCE1-6D2518B047E3}.Release|Any CPU.Build.0 = Release|Any CPU
	EndGlobalSection
	GlobalSection(SolutionProperties) = preSolution
		HideSolutionNode = FALSE
	EndGlobalSection
	GlobalSection(ExtensibilityGlobals) = postSolution
		SolutionGuid = {D974421F-8E94-4C40-B54D-860519C9309F}
	EndGlobalSection
EndGlobal
